
Microsoft Visual Studio Solution File, Format Version 12.00
# Visual Studio Version 17
VisualStudioVersion = 17.11.35208.52
MinimumVisualStudioVersion = 10.0.40219.1
Project("{FAE04EC0-301F-11D3-BF4B-00C04F79EFBC}") = "Chermak PA C969", "Chermak PA C969.csproj", "{7373B6F8-70FC-4FAC-80E2-78DC0C8D6001}"
EndProject
Global
	GlobalSection(SolutionConfigurationPlatforms) = preSolution
		Debug|Any CPU = Debug|Any CPU
		Release|Any CPU = Release|Any CPU
	EndGlobalSection
	GlobalSection(ProjectConfigurationPlatforms) = postSolution
		{7373B6F8-70FC-4FAC-80E2-78DC0C8D6001}.Debug|Any CPU.ActiveCfg = Debug|Any CPU
		{7373B6F8-70FC-4FAC-80E2-78DC0C8D6001}.Debug|Any CPU.Build.0 = Debug|Any CPU
		{7373B6F8-70FC-4FAC-80E2-78DC0C8D6001}.Release|Any CPU.ActiveCfg = Release|Any CPU
		{7373B6F8-70FC-4FAC-80E2-78DC0C8D6001}.Release|Any CPU.Build.0 = Release|Any CPU
	EndGlobalSection
	GlobalSection(SolutionProperties) = preSolution
		HideSolutionNode = FALSE
	EndGlobalSection
	GlobalSection(ExtensibilityGlobals) = postSolution
		SolutionGuid = {C20DAF8E-CBF8-4DDB-96EF-CFBF6FEC128C}
	EndGlobalSection
EndGlobal
